
Microsoft Visual Studio Solution File, Format Version 12.00
# Visual Studio Express 2012 for Windows Desktop
Project("{FAE04EC0-301F-11D3-BF4B-00C04F79EFBC}") = "MongoRepository", "MongoRepository\MongoRepository.csproj", "{1F58E658-7BDF-45DE-9F14-647367353BBF}"
EndProject
Project("{FAE04EC0-301F-11D3-BF4B-00C04F79EFBC}") = "TestApp", "TestApp\TestApp.csproj", "{C0977D20-E77A-4ABF-85BA-A882C465C7FF}"
EndProject
Project("{FAE04EC0-301F-11D3-BF4B-00C04F79EFBC}") = "BookStoreLogicLayer", "BookStoreLogicLayer\BookStoreLogicLayer.csproj", "{8720ECDD-5BA2-44E3-A0C1-DB069CDB532E}"
EndProject
Project("{FAE04EC0-301F-11D3-BF4B-00C04F79EFBC}") = "GUI", "GUI\GUI.csproj", "{BF33DE20-D67A-4C0C-B534-B972E5F2AE0A}"
EndProject
Project("{FAE04EC0-301F-11D3-BF4B-00C04F79EFBC}") = "GUI_Form", "GUI_Form\GUI_Form.csproj", "{8AA67427-6709-4AAF-8DDC-A8306A1CAE63}"
EndProject
Global
	GlobalSection(SolutionConfigurationPlatforms) = preSolution
		Debug|Any CPU = Debug|Any CPU
		Release|Any CPU = Release|Any CPU
	EndGlobalSection
	GlobalSection(ProjectConfigurationPlatforms) = postSolution
		{1F58E658-7BDF-45DE-9F14-647367353BBF}.Debug|Any CPU.ActiveCfg = Debug|Any CPU
		{1F58E658-7BDF-45DE-9F14-647367353BBF}.Debug|Any CPU.Build.0 = Debug|Any CPU
		{1F58E658-7BDF-45DE-9F14-647367353BBF}.Release|Any CPU.ActiveCfg = Release|Any CPU
		{1F58E658-7BDF-45DE-9F14-647367353BBF}.Release|Any CPU.Build.0 = Release|Any CPU
		{C0977D20-E77A-4ABF-85BA-A882C465C7FF}.Debug|Any CPU.ActiveCfg = Debug|Any CPU
		{C0977D20-E77A-4ABF-85BA-A882C465C7FF}.Debug|Any CPU.Build.0 = Debug|Any CPU
		{C0977D20-E77A-4ABF-85BA-A882C465C7FF}.Release|Any CPU.ActiveCfg = Release|Any CPU
		{C0977D20-E77A-4ABF-85BA-A882C465C7FF}.Release|Any CPU.Build.0 = Release|Any CPU
		{8720ECDD-5BA2-44E3-A0C1-DB069CDB532E}.Debug|Any CPU.ActiveCfg = Debug|Any CPU
		{8720ECDD-5BA2-44E3-A0C1-DB069CDB532E}.Debug|Any CPU.Build.0 = Debug|Any CPU
		{8720ECDD-5BA2-44E3-A0C1-DB069CDB532E}.Release|Any CPU.ActiveCfg = Release|Any CPU
		{8720ECDD-5BA2-44E3-A0C1-DB069CDB532E}.Release|Any CPU.Build.0 = Release|Any CPU
		{BF33DE20-D67A-4C0C-B534-B972E5F2AE0A}.Debug|Any CPU.ActiveCfg = Debug|Any CPU
		{BF33DE20-D67A-4C0C-B534-B972E5F2AE0A}.Debug|Any CPU.Build.0 = Debug|Any CPU
		{BF33DE20-D67A-4C0C-B534-B972E5F2AE0A}.Release|Any CPU.ActiveCfg = Release|Any CPU
		{BF33DE20-D67A-4C0C-B534-B972E5F2AE0A}.Release|Any CPU.Build.0 = Release|Any CPU
		{8AA67427-6709-4AAF-8DDC-A8306A1CAE63}.Debug|Any CPU.ActiveCfg = Debug|Any CPU
		{8AA67427-6709-4AAF-8DDC-A8306A1CAE63}.Debug|Any CPU.Build.0 = Debug|Any CPU
		{8AA67427-6709-4AAF-8DDC-A8306A1CAE63}.Release|Any CPU.ActiveCfg = Release|Any CPU
		{8AA67427-6709-4AAF-8DDC-A8306A1CAE63}.Release|Any CPU.Build.0 = Release|Any CPU
	EndGlobalSection
	GlobalSection(SolutionProperties) = preSolution
		HideSolutionNode = FALSE
	EndGlobalSection
EndGlobal
